
Microsoft Visual Studio Solution File, Format Version 12.00
# Visual Studio Version 17
VisualStudioVersion = 17.7.34031.279
MinimumVisualStudioVersion = 10.0.40219.1
Project("{9A19103F-16F7-4668-BE54-9A1E7A4F7556}") = "dotnet31-keyclock", "dotnet31-keyclock.csproj", "{3A3E4F81-82E8-4079-A87A-AA2FC27B7C89}"
EndProject
Global
	GlobalSection(SolutionConfigurationPlatforms) = preSolution
		Debug|Any CPU = Debug|Any CPU
		Release|Any CPU = Release|Any CPU
	EndGlobalSection
	GlobalSection(ProjectConfigurationPlatforms) = postSolution
		{3A3E4F81-82E8-4079-A87A-AA2FC27B7C89}.Debug|Any CPU.ActiveCfg = Debug|Any CPU
		{3A3E4F81-82E8-4079-A87A-AA2FC27B7C89}.Debug|Any CPU.Build.0 = Debug|Any CPU
		{3A3E4F81-82E8-4079-A87A-AA2FC27B7C89}.Release|Any CPU.ActiveCfg = Release|Any CPU
		{3A3E4F81-82E8-4079-A87A-AA2FC27B7C89}.Release|Any CPU.Build.0 = Release|Any CPU
	EndGlobalSection
	GlobalSection(SolutionProperties) = preSolution
		HideSolutionNode = FALSE
	EndGlobalSection
	GlobalSection(ExtensibilityGlobals) = postSolution
		SolutionGuid = {A99E4CB1-66E3-4065-8DAF-F5FDB365A66A}
	EndGlobalSection
EndGlobal
